
Microsoft Visual Studio Solution File, Format Version 12.00
# Visual Studio Version 17
VisualStudioVersion = 17.14.36717.8
MinimumVisualStudioVersion = 10.0.40219.1
Project("{FAE04EC0-301F-11D3-BF4B-00C04F79EFBC}") = "ISIPGorlanovWPF", "ISIPGorlanovWPF.csproj", "{5D45762F-C6E0-40F8-83B5-A0118A76456C}"
EndProject
Global
	GlobalSection(SolutionConfigurationPlatforms) = preSolution
		Debug|Any CPU = Debug|Any CPU
		Release|Any CPU = Release|Any CPU
	EndGlobalSection
	GlobalSection(ProjectConfigurationPlatforms) = postSolution
		{5D45762F-C6E0-40F8-83B5-A0118A76456C}.Debug|Any CPU.ActiveCfg = Debug|Any CPU
		{5D45762F-C6E0-40F8-83B5-A0118A76456C}.Debug|Any CPU.Build.0 = Debug|Any CPU
		{5D45762F-C6E0-40F8-83B5-A0118A76456C}.Release|Any CPU.ActiveCfg = Release|Any CPU
		{5D45762F-C6E0-40F8-83B5-A0118A76456C}.Release|Any CPU.Build.0 = Release|Any CPU
	EndGlobalSection
	GlobalSection(SolutionProperties) = preSolution
		HideSolutionNode = FALSE
	EndGlobalSection
	GlobalSection(ExtensibilityGlobals) = postSolution
		SolutionGuid = {521150F1-7099-49D3-978C-213737E8ED1A}
	EndGlobalSection
EndGlobal
